{
  "originHash" : "95310aa443161d4b6c7eec8ab74fbef609d873f0ac07c1640a1d2ed1c1074f26",
  "pins" : [
    {
      "identity" : "apps_sdk",
      "kind" : "remoteSourceControl",
      "location" : "https://git-codecommit.us-east-1.amazonaws.com/v1/repos/apps_sdk",
      "state" : {
        "branch" : "Legacy",
        "revision" : "6c19d4f6cd3960caab0f76de8fb4df09a29c70cb"
      }
    },
    {
      "identity" : "appsflyer-apple-purchase-connector",
      "kind" : "remoteSourceControl",
      "location" : "https://github.com/AppsFlyerSDK/appsflyer-apple-purchase-connector.git",
      "state" : {
        "revision" : "1c66e41dbb9b0f5a501859c6d282a90cf632ad34",
        "version" : "6.15.2"
      }
    },
    {
      "identity" : "appsflyerframework",
      "kind" : "remoteSourceControl",
      "location" : "https://github.com/AppsFlyerSDK/AppsFlyerFramework.git",
      "state" : {
        "revision" : "e248ac38ac97ab6926e500ace97e220d10df7d41",
        "version" : "6.14.3"
      }
    },
    {
      "identity" : "commonswiftui",
      "kind" : "remoteSourceControl",
      "location" : "https://git-codecommit.us-east-1.amazonaws.com/v1/repos/CommonSwiftUI",
      "state" : {
        "revision" : "19f4534e748320f9cf06b0710ba2e22197fd6aec",
        "version" : "1.0.29"
      }
    },
    {
      "identity" : "keychainaccess",
      "kind" : "remoteSourceControl",
      "location" : "https://github.com/kishikawakatsumi/KeychainAccess.git",
      "state" : {
        "branch" : "master",
        "revision" : "e0c7eebc5a4465a3c4680764f26b7a61f567cdaf"
      }
    },
    {
      "identity" : "shipbooksdk-ios",
      "kind" : "remoteSourceControl",
      "location" : "https://github.com/ShipBook/ShipBookSDK-iOS.git",
      "state" : {
        "revision" : "8f75dd21e9a6d5a33d87a7037ca0be8adab84700",
        "version" : "1.2.4"
      }
    }
  ],
  "version" : 3
}
